
Microsoft Visual Studio Solution File, Format Version 12.00
# Visual Studio 14
VisualStudioVersion = 14.0.23107.0
MinimumVisualStudioVersion = 10.0.40219.1
Project("{FAE04EC0-301F-11D3-BF4B-00C04F79EFBC}") = "Demo", "Demo\Demo.csproj", "{24F0F2B8-C66D-423B-9476-C9DA0F19765D}"
EndProject
Project("{FAE04EC0-301F-11D3-BF4B-00C04F79EFBC}") = "Service", "Service\Service.csproj", "{BA8E076D-1651-427A-87F2-3DA0EFE95174}"
EndProject
Global
	GlobalSection(SolutionConfigurationPlatforms) = preSolution
		Debug|Any CPU = Debug|Any CPU
		Release|Any CPU = Release|Any CPU
	EndGlobalSection
	GlobalSection(ProjectConfigurationPlatforms) = postSolution
		{24F0F2B8-C66D-423B-9476-C9DA0F19765D}.Debug|Any CPU.ActiveCfg = Debug|Any CPU
		{24F0F2B8-C66D-423B-9476-C9DA0F19765D}.Debug|Any CPU.Build.0 = Debug|Any CPU
		{24F0F2B8-C66D-423B-9476-C9DA0F19765D}.Release|Any CPU.ActiveCfg = Release|Any CPU
		{24F0F2B8-C66D-423B-9476-C9DA0F19765D}.Release|Any CPU.Build.0 = Release|Any CPU
		{BA8E076D-1651-427A-87F2-3DA0EFE95174}.Debug|Any CPU.ActiveCfg = Debug|Any CPU
		{BA8E076D-1651-427A-87F2-3DA0EFE95174}.Debug|Any CPU.Build.0 = Debug|Any CPU
		{BA8E076D-1651-427A-87F2-3DA0EFE95174}.Release|Any CPU.ActiveCfg = Release|Any CPU
		{BA8E076D-1651-427A-87F2-3DA0EFE95174}.Release|Any CPU.Build.0 = Release|Any CPU
	EndGlobalSection
	GlobalSection(SolutionProperties) = preSolution
		HideSolutionNode = FALSE
	EndGlobalSection
EndGlobal
